
Microsoft Visual Studio Solution File, Format Version 12.00
# Visual Studio Version 17
VisualStudioVersion = 17.5.002.0
MinimumVisualStudioVersion = 10.0.40219.1
Project("{9A19103F-16F7-4668-BE54-9A1E7A4F7556}") = "EchoBot", "MyBotApp\EchoBot.csproj", "{5F93345D-771F-444A-9A97-7E1DA8A49D46}"
EndProject
Global
	GlobalSection(SolutionConfigurationPlatforms) = preSolution
		Debug|Any CPU = Debug|Any CPU
		Release|Any CPU = Release|Any CPU
	EndGlobalSection
	GlobalSection(ProjectConfigurationPlatforms) = postSolution
		{5F93345D-771F-444A-9A97-7E1DA8A49D46}.Debug|Any CPU.ActiveCfg = Debug|Any CPU
		{5F93345D-771F-444A-9A97-7E1DA8A49D46}.Debug|Any CPU.Build.0 = Debug|Any CPU
		{5F93345D-771F-444A-9A97-7E1DA8A49D46}.Release|Any CPU.ActiveCfg = Release|Any CPU
		{5F93345D-771F-444A-9A97-7E1DA8A49D46}.Release|Any CPU.Build.0 = Release|Any CPU
	EndGlobalSection
	GlobalSection(SolutionProperties) = preSolution
		HideSolutionNode = FALSE
	EndGlobalSection
	GlobalSection(ExtensibilityGlobals) = postSolution
		SolutionGuid = {837C531E-E421-4D67-81A7-A2305E9DFF84}
	EndGlobalSection
EndGlobal
